
Microsoft Visual Studio Solution File, Format Version 12.00
# Visual Studio 15
VisualStudioVersion = 15.0.27130.2020
MinimumVisualStudioVersion = 10.0.40219.1
Project("{8BC9CEB8-8B4A-11D0-8D11-00A0C91BC942}") = "oiu_crossqt", "oiu_crossqt\oiu_crossqt.vcxproj", "{B12702AD-ABFB-343A-A199-8E24837244A3}"
EndProject
Project("{8BC9CEB8-8B4A-11D0-8D11-00A0C91BC942}") = "portaudio", "oiu_crossqt\libs\portaudio\build\msvc\portaudio.vcxproj", "{0A18A071-125E-442F-AFF7-A3F68ABECF99}"
EndProject
Project("{2150E333-8FDC-42A3-9474-1A3956D46DE8}") = "Lib", "Lib", "{246D1133-0C2C-4F0E-9749-8818AF2BF3C3}"
EndProject
Global
	GlobalSection(SolutionConfigurationPlatforms) = preSolution
		Debug 32|ARM = Debug 32|ARM
		Debug 32|x64 = Debug 32|x64
		Debug 32|x86 = Debug 32|x86
		Debug|ARM = Debug|ARM
		Debug|x64 = Debug|x64
		Debug|x86 = Debug|x86
		Release 32 with Debugging Capability|ARM = Release 32 with Debugging Capability|ARM
		Release 32 with Debugging Capability|x64 = Release 32 with Debugging Capability|x64
		Release 32 with Debugging Capability|x86 = Release 32 with Debugging Capability|x86
		Release 32|ARM = Release 32|ARM
		Release 32|x64 = Release 32|x64
		Release 32|x86 = Release 32|x86
		Release|ARM = Release|ARM
		Release|x64 = Release|x64
		Release|x86 = Release|x86
		ReleaseMinDependency|ARM = ReleaseMinDependency|ARM
		ReleaseMinDependency|x64 = ReleaseMinDependency|x64
		ReleaseMinDependency|x86 = ReleaseMinDependency|x86
	EndGlobalSection
	GlobalSection(ProjectConfigurationPlatforms) = postSolution
		{B12702AD-ABFB-343A-A199-8E24837244A3}.Debug 32|ARM.ActiveCfg = Release|x64
		{B12702AD-ABFB-343A-A199-8E24837244A3}.Debug 32|ARM.Build.0 = Release|x64
		{B12702AD-ABFB-343A-A199-8E24837244A3}.Debug 32|x64.ActiveCfg = Debug|x64
		{B12702AD-ABFB-343A-A199-8E24837244A3}.Debug 32|x64.Build.0 = Debug|x64
		{B12702AD-ABFB-343A-A199-8E24837244A3}.Debug 32|x86.ActiveCfg = Release|x64
		{B12702AD-ABFB-343A-A199-8E24837244A3}.Debug 32|x86.Build.0 = Release|x64
		{B12702AD-ABFB-343A-A199-8E24837244A3}.Debug|ARM.ActiveCfg = Debug|x64
		{B12702AD-ABFB-343A-A199-8E24837244A3}.Debug|x64.ActiveCfg = Debug|x64
		{B12702AD-ABFB-343A-A199-8E24837244A3}.Debug|x64.Build.0 = Debug|x64
		{B12702AD-ABFB-343A-A199-8E24837244A3}.Debug|x86.ActiveCfg = Debug|x64
		{B12702AD-ABFB-343A-A199-8E24837244A3}.Release 32 with Debugging Capability|ARM.ActiveCfg = Release|x64
		{B12702AD-ABFB-343A-A199-8E24837244A3}.Release 32 with Debugging Capability|ARM.Build.0 = Release|x64
		{B12702AD-ABFB-343A-A199-8E24837244A3}.Release 32 with Debugging Capability|x64.ActiveCfg = Release|x64
		{B12702AD-ABFB-343A-A199-8E24837244A3}.Release 32 with Debugging Capability|x64.Build.0 = Release|x64
		{B12702AD-ABFB-343A-A199-8E24837244A3}.Release 32 with Debugging Capability|x86.ActiveCfg = Release|x64
		{B12702AD-ABFB-343A-A199-8E24837244A3}.Release 32 with Debugging Capability|x86.Build.0 = Release|x64
		{B12702AD-ABFB-343A-A199-8E24837244A3}.Release 32|ARM.ActiveCfg = Release|x64
		{B12702AD-ABFB-343A-A199-8E24837244A3}.Release 32|ARM.Build.0 = Release|x64
		{B12702AD-ABFB-343A-A199-8E24837244A3}.Release 32|x64.ActiveCfg = Release|x64
		{B12702AD-ABFB-343A-A199-8E24837244A3}.Release 32|x64.Build.0 = Release|x64
		{B12702AD-ABFB-343A-A199-8E24837244A3}.Release 32|x86.ActiveCfg = Release|x64
		{B12702AD-ABFB-343A-A199-8E24837244A3}.Release 32|x86.Build.0 = Release|x64
		{B12702AD-ABFB-343A-A199-8E24837244A3}.Release|ARM.ActiveCfg = Release|x64
		{B12702AD-ABFB-343A-A199-8E24837244A3}.Release|x64.ActiveCfg = Release|x64
		{B12702AD-ABFB-343A-A199-8E24837244A3}.Release|x64.Build.0 = Release|x64
		{B12702AD-ABFB-343A-A199-8E24837244A3}.Release|x86.ActiveCfg = Release|x64
		{B12702AD-ABFB-343A-A199-8E24837244A3}.ReleaseMinDependency|ARM.ActiveCfg = Release|x64
		{B12702AD-ABFB-343A-A199-8E24837244A3}.ReleaseMinDependency|ARM.Build.0 = Release|x64
		{B12702AD-ABFB-343A-A199-8E24837244A3}.ReleaseMinDependency|x64.ActiveCfg = Release|x64
		{B12702AD-ABFB-343A-A199-8E24837244A3}.ReleaseMinDependency|x64.Build.0 = Release|x64
		{B12702AD-ABFB-343A-A199-8E24837244A3}.ReleaseMinDependency|x86.ActiveCfg = Release|x64
		{B12702AD-ABFB-343A-A199-8E24837244A3}.ReleaseMinDependency|x86.Build.0 = Release|x64
		{0A18A071-125E-442F-AFF7-A3F68ABECF99}.Debug 32|ARM.ActiveCfg = Release|Win32
		{0A18A071-125E-442F-AFF7-A3F68ABECF99}.Debug 32|ARM.Build.0 = Release|Win32
		{0A18A071-125E-442F-AFF7-A3F68ABECF99}.Debug 32|ARM.Deploy.0 = Release|Win32
		{0A18A071-125E-442F-AFF7-A3F68ABECF99}.Debug 32|x64.ActiveCfg = Debug|x64
		{0A18A071-125E-442F-AFF7-A3F68ABECF99}.Debug 32|x64.Build.0 = Debug|x64
		{0A18A071-125E-442F-AFF7-A3F68ABECF99}.Debug 32|x86.ActiveCfg = Debug|Win32
		{0A18A071-125E-442F-AFF7-A3F68ABECF99}.Debug 32|x86.Build.0 = Debug|Win32
		{0A18A071-125E-442F-AFF7-A3F68ABECF99}.Debug|ARM.ActiveCfg = Debug|Win32
		{0A18A071-125E-442F-AFF7-A3F68ABECF99}.Debug|x64.ActiveCfg = Debug|x64
		{0A18A071-125E-442F-AFF7-A3F68ABECF99}.Debug|x64.Build.0 = Debug|x64
		{0A18A071-125E-442F-AFF7-A3F68ABECF99}.Debug|x86.ActiveCfg = Debug|Win32
		{0A18A071-125E-442F-AFF7-A3F68ABECF99}.Debug|x86.Build.0 = Debug|Win32
		{0A18A071-125E-442F-AFF7-A3F68ABECF99}.Release 32 with Debugging Capability|ARM.ActiveCfg = Release|Win32
		{0A18A071-125E-442F-AFF7-A3F68ABECF99}.Release 32 with Debugging Capability|ARM.Build.0 = Release|Win32
		{0A18A071-125E-442F-AFF7-A3F68ABECF99}.Release 32 with Debugging Capability|ARM.Deploy.0 = Release|Win32
		{0A18A071-125E-442F-AFF7-A3F68ABECF99}.Release 32 with Debugging Capability|x64.ActiveCfg = ReleaseMinDependency|x64
		{0A18A071-125E-442F-AFF7-A3F68ABECF99}.Release 32 with Debugging Capability|x64.Build.0 = ReleaseMinDependency|x64
		{0A18A071-125E-442F-AFF7-A3F68ABECF99}.Release 32 with Debugging Capability|x86.ActiveCfg = ReleaseMinDependency|Win32
		{0A18A071-125E-442F-AFF7-A3F68ABECF99}.Release 32 with Debugging Capability|x86.Build.0 = ReleaseMinDependency|Win32
		{0A18A071-125E-442F-AFF7-A3F68ABECF99}.Release 32|ARM.ActiveCfg = Release|Win32
		{0A18A071-125E-442F-AFF7-A3F68ABECF99}.Release 32|ARM.Build.0 = Release|Win32
		{0A18A071-125E-442F-AFF7-A3F68ABECF99}.Release 32|ARM.Deploy.0 = Release|Win32
		{0A18A071-125E-442F-AFF7-A3F68ABECF99}.Release 32|x64.ActiveCfg = ReleaseMinDependency|x64
		{0A18A071-125E-442F-AFF7-A3F68ABECF99}.Release 32|x64.Build.0 = ReleaseMinDependency|x64
		{0A18A071-125E-442F-AFF7-A3F68ABECF99}.Release 32|x86.ActiveCfg = ReleaseMinDependency|Win32
		{0A18A071-125E-442F-AFF7-A3F68ABECF99}.Release 32|x86.Build.0 = ReleaseMinDependency|Win32
		{0A18A071-125E-442F-AFF7-A3F68ABECF99}.Release|ARM.ActiveCfg = Release|Win32
		{0A18A071-125E-442F-AFF7-A3F68ABECF99}.Release|x64.ActiveCfg = Release|x64
		{0A18A071-125E-442F-AFF7-A3F68ABECF99}.Release|x64.Build.0 = Release|x64
		{0A18A071-125E-442F-AFF7-A3F68ABECF99}.Release|x86.ActiveCfg = Release|Win32
		{0A18A071-125E-442F-AFF7-A3F68ABECF99}.Release|x86.Build.0 = Release|Win32
		{0A18A071-125E-442F-AFF7-A3F68ABECF99}.ReleaseMinDependency|ARM.ActiveCfg = ReleaseMinDependency|Win32
		{0A18A071-125E-442F-AFF7-A3F68ABECF99}.ReleaseMinDependency|x64.ActiveCfg = ReleaseMinDependency|x64
		{0A18A071-125E-442F-AFF7-A3F68ABECF99}.ReleaseMinDependency|x64.Build.0 = ReleaseMinDependency|x64
		{0A18A071-125E-442F-AFF7-A3F68ABECF99}.ReleaseMinDependency|x86.ActiveCfg = ReleaseMinDependency|Win32
		{0A18A071-125E-442F-AFF7-A3F68ABECF99}.ReleaseMinDependency|x86.Build.0 = ReleaseMinDependency|Win32
	EndGlobalSection
	GlobalSection(SolutionProperties) = preSolution
		HideSolutionNode = FALSE
	EndGlobalSection
	GlobalSection(NestedProjects) = preSolution
		{0A18A071-125E-442F-AFF7-A3F68ABECF99} = {246D1133-0C2C-4F0E-9749-8818AF2BF3C3}
	EndGlobalSection
	GlobalSection(ExtensibilityGlobals) = postSolution
		Qt5Version = 5.10.0
		SolutionGuid = {36B80D83-F73A-4FC0-B04F-15A47322CB14}
	EndGlobalSection
EndGlobal
